
Microsoft Visual Studio Solution File, Format Version 12.00
# Visual Studio Version 17
VisualStudioVersion = 17.0.31903.59
MinimumVisualStudioVersion = 10.0.40219.1
Project("{FAE04EC0-301F-11D3-BF4B-00C04F79EFBC}") = "Applicate.Domain", "Applicate.Domain\Applicate.Domain.csproj", "{CD139B52-5EA4-4934-B252-373AD114C8CB}"
EndProject
Project("{FAE04EC0-301F-11D3-BF4B-00C04F79EFBC}") = "Applicate.Cli", "Applicate.Cli\Applicate.Cli.csproj", "{0EDEAD77-8EF5-495D-A2EB-EAD860F535AC}"
EndProject
Project("{FAE04EC0-301F-11D3-BF4B-00C04F79EFBC}") = "Applicate.Api", "Applicate.Api\Applicate.Api.csproj", "{2F905435-88A2-445A-8A21-77744676C600}"
EndProject
Project("{2150E333-8FDC-42A3-9474-1A3956D46DE8}") = "Solution Items", "Solution Items", "{8EC462FD-D22E-90A8-E5CE-7E832BA40C5D}"
	ProjectSection(SolutionItems) = preProject
		index.html = index.html
	EndProjectSection
EndProject
Global
	GlobalSection(SolutionConfigurationPlatforms) = preSolution
		Debug|Any CPU = Debug|Any CPU
		Debug|x64 = Debug|x64
		Debug|x86 = Debug|x86
		Release|Any CPU = Release|Any CPU
		Release|x64 = Release|x64
		Release|x86 = Release|x86
	EndGlobalSection
	GlobalSection(ProjectConfigurationPlatforms) = postSolution
		{CD139B52-5EA4-4934-B252-373AD114C8CB}.Debug|Any CPU.ActiveCfg = Debug|Any CPU
		{CD139B52-5EA4-4934-B252-373AD114C8CB}.Debug|Any CPU.Build.0 = Debug|Any CPU
		{CD139B52-5EA4-4934-B252-373AD114C8CB}.Debug|x64.ActiveCfg = Debug|Any CPU
		{CD139B52-5EA4-4934-B252-373AD114C8CB}.Debug|x64.Build.0 = Debug|Any CPU
		{CD139B52-5EA4-4934-B252-373AD114C8CB}.Debug|x86.ActiveCfg = Debug|Any CPU
		{CD139B52-5EA4-4934-B252-373AD114C8CB}.Debug|x86.Build.0 = Debug|Any CPU
		{CD139B52-5EA4-4934-B252-373AD114C8CB}.Release|Any CPU.ActiveCfg = Release|Any CPU
		{CD139B52-5EA4-4934-B252-373AD114C8CB}.Release|Any CPU.Build.0 = Release|Any CPU
		{CD139B52-5EA4-4934-B252-373AD114C8CB}.Release|x64.ActiveCfg = Release|Any CPU
		{CD139B52-5EA4-4934-B252-373AD114C8CB}.Release|x64.Build.0 = Release|Any CPU
		{CD139B52-5EA4-4934-B252-373AD114C8CB}.Release|x86.ActiveCfg = Release|Any CPU
		{CD139B52-5EA4-4934-B252-373AD114C8CB}.Release|x86.Build.0 = Release|Any CPU
		{0EDEAD77-8EF5-495D-A2EB-EAD860F535AC}.Debug|Any CPU.ActiveCfg = Debug|Any CPU
		{0EDEAD77-8EF5-495D-A2EB-EAD860F535AC}.Debug|Any CPU.Build.0 = Debug|Any CPU
		{0EDEAD77-8EF5-495D-A2EB-EAD860F535AC}.Debug|x64.ActiveCfg = Debug|Any CPU
		{0EDEAD77-8EF5-495D-A2EB-EAD860F535AC}.Debug|x64.Build.0 = Debug|Any CPU
		{0EDEAD77-8EF5-495D-A2EB-EAD860F535AC}.Debug|x86.ActiveCfg = Debug|Any CPU
		{0EDEAD77-8EF5-495D-A2EB-EAD860F535AC}.Debug|x86.Build.0 = Debug|Any CPU
		{0EDEAD77-8EF5-495D-A2EB-EAD860F535AC}.Release|Any CPU.ActiveCfg = Release|Any CPU
		{0EDEAD77-8EF5-495D-A2EB-EAD860F535AC}.Release|Any CPU.Build.0 = Release|Any CPU
		{0EDEAD77-8EF5-495D-A2EB-EAD860F535AC}.Release|x64.ActiveCfg = Release|Any CPU
		{0EDEAD77-8EF5-495D-A2EB-EAD860F535AC}.Release|x64.Build.0 = Release|Any CPU
		{0EDEAD77-8EF5-495D-A2EB-EAD860F535AC}.Release|x86.ActiveCfg = Release|Any CPU
		{0EDEAD77-8EF5-495D-A2EB-EAD860F535AC}.Release|x86.Build.0 = Release|Any CPU
		{2F905435-88A2-445A-8A21-77744676C600}.Debug|Any CPU.ActiveCfg = Debug|Any CPU
		{2F905435-88A2-445A-8A21-77744676C600}.Debug|Any CPU.Build.0 = Debug|Any CPU
		{2F905435-88A2-445A-8A21-77744676C600}.Debug|x64.ActiveCfg = Debug|Any CPU
		{2F905435-88A2-445A-8A21-77744676C600}.Debug|x64.Build.0 = Debug|Any CPU
		{2F905435-88A2-445A-8A21-77744676C600}.Debug|x86.ActiveCfg = Debug|Any CPU
		{2F905435-88A2-445A-8A21-77744676C600}.Debug|x86.Build.0 = Debug|Any CPU
		{2F905435-88A2-445A-8A21-77744676C600}.Release|Any CPU.ActiveCfg = Release|Any CPU
		{2F905435-88A2-445A-8A21-77744676C600}.Release|Any CPU.Build.0 = Release|Any CPU
		{2F905435-88A2-445A-8A21-77744676C600}.Release|x64.ActiveCfg = Release|Any CPU
		{2F905435-88A2-445A-8A21-77744676C600}.Release|x64.Build.0 = Release|Any CPU
		{2F905435-88A2-445A-8A21-77744676C600}.Release|x86.ActiveCfg = Release|Any CPU
		{2F905435-88A2-445A-8A21-77744676C600}.Release|x86.Build.0 = Release|Any CPU
	EndGlobalSection
	GlobalSection(SolutionProperties) = preSolution
		HideSolutionNode = FALSE
	EndGlobalSection
	GlobalSection(ExtensibilityGlobals) = postSolution
		SolutionGuid = {AFB9D508-C349-4E83-B387-2673ACC41EDA}
	EndGlobalSection
EndGlobal
